Microsoft Visual Studio Solution File, Format Version 12.00
# Visual Studio 2012
Project("{FAE04EC0-301F-11D3-BF4B-00C04F79EFBC}") = "Touhou Mix Community Edition", "Touhou Mix Community Edition.csproj", "{CA216870-C0AD-4A12-B7E0-0BF57BBC9C48}"
EndProject
Global
	GlobalSection(SolutionConfigurationPlatforms) = preSolution
	Debug|Any CPU = Debug|Any CPU
	ExportDebug|Any CPU = ExportDebug|Any CPU
	ExportRelease|Any CPU = ExportRelease|Any CPU
	EndGlobalSection
	GlobalSection(ProjectConfigurationPlatforms) = postSolution
		{CA216870-C0AD-4A12-B7E0-0BF57BBC9C48}.Debug|Any CPU.ActiveCfg = Debug|Any CPU
		{CA216870-C0AD-4A12-B7E0-0BF57BBC9C48}.Debug|Any CPU.Build.0 = Debug|Any CPU
		{CA216870-C0AD-4A12-B7E0-0BF57BBC9C48}.ExportDebug|Any CPU.ActiveCfg = ExportDebug|Any CPU
		{CA216870-C0AD-4A12-B7E0-0BF57BBC9C48}.ExportDebug|Any CPU.Build.0 = ExportDebug|Any CPU
		{CA216870-C0AD-4A12-B7E0-0BF57BBC9C48}.ExportRelease|Any CPU.ActiveCfg = ExportRelease|Any CPU
		{CA216870-C0AD-4A12-B7E0-0BF57BBC9C48}.ExportRelease|Any CPU.Build.0 = ExportRelease|Any CPU
	EndGlobalSection
EndGlobal
